
Microsoft Visual Studio Solution File, Format Version 12.00
# Visual Studio 15
VisualStudioVersion = 15.0.26228.4
MinimumVisualStudioVersion = 10.0.40219.1
Project("{FAE04EC0-301F-11D3-BF4B-00C04F79EFBC}") = "ilvlbot", "ilvlbot\ilvlbot.csproj", "{04F51EF2-ADF2-4AC0-BA16-C688BB06E6C4}"
EndProject
Project("{FAE04EC0-301F-11D3-BF4B-00C04F79EFBC}") = "bnet", "bnet\bnet.csproj", "{DEACF1C0-0B54-4830-83EB-2CBEF0C67CB7}"
EndProject
Global
	GlobalSection(SolutionConfigurationPlatforms) = preSolution
		Debug|Any CPU = Debug|Any CPU
		Release|Any CPU = Release|Any CPU
	EndGlobalSection
	GlobalSection(ProjectConfigurationPlatforms) = postSolution
		{04F51EF2-ADF2-4AC0-BA16-C688BB06E6C4}.Debug|Any CPU.ActiveCfg = Debug|Any CPU
		{04F51EF2-ADF2-4AC0-BA16-C688BB06E6C4}.Debug|Any CPU.Build.0 = Debug|Any CPU
		{04F51EF2-ADF2-4AC0-BA16-C688BB06E6C4}.Release|Any CPU.ActiveCfg = Release|Any CPU
		{04F51EF2-ADF2-4AC0-BA16-C688BB06E6C4}.Release|Any CPU.Build.0 = Release|Any CPU
		{DEACF1C0-0B54-4830-83EB-2CBEF0C67CB7}.Debug|Any CPU.ActiveCfg = Debug|Any CPU
		{DEACF1C0-0B54-4830-83EB-2CBEF0C67CB7}.Debug|Any CPU.Build.0 = Debug|Any CPU
		{DEACF1C0-0B54-4830-83EB-2CBEF0C67CB7}.Release|Any CPU.ActiveCfg = Release|Any CPU
		{DEACF1C0-0B54-4830-83EB-2CBEF0C67CB7}.Release|Any CPU.Build.0 = Release|Any CPU
	EndGlobalSection
	GlobalSection(SolutionProperties) = preSolution
		HideSolutionNode = FALSE
	EndGlobalSection
EndGlobal
