
Microsoft Visual Studio Solution File, Format Version 12.00
# Visual Studio 15
VisualStudioVersion = 15.0.26228.4
MinimumVisualStudioVersion = 10.0.40219.1
Project("{9A19103F-16F7-4668-BE54-9A1E7A4F7556}") = "bnet", "bnet\bnet.csproj", "{DEACF1C0-0B54-4830-83EB-2CBEF0C67CB7}"
EndProject
Project("{9A19103F-16F7-4668-BE54-9A1E7A4F7556}") = "ilvlbot", "ilvlbot\ilvlbot.csproj", "{6D5F54E7-072A-441F-A87D-7101E6544EE9}"
EndProject
Project("{FAE04EC0-301F-11D3-BF4B-00C04F79EFBC}") = "core", "core\core.csproj", "{C1A1D012-223C-4E9B-A5CF-7A160140E23B}"
EndProject
Global
	GlobalSection(SolutionConfigurationPlatforms) = preSolution
		Debug|Any CPU = Debug|Any CPU
		Debug|x64 = Debug|x64
		Debug|x86 = Debug|x86
		Release|Any CPU = Release|Any CPU
		Release|x64 = Release|x64
		Release|x86 = Release|x86
	EndGlobalSection
	GlobalSection(ProjectConfigurationPlatforms) = postSolution
		{DEACF1C0-0B54-4830-83EB-2CBEF0C67CB7}.Debug|Any CPU.ActiveCfg = Debug|Any CPU
		{DEACF1C0-0B54-4830-83EB-2CBEF0C67CB7}.Debug|Any CPU.Build.0 = Debug|Any CPU
		{DEACF1C0-0B54-4830-83EB-2CBEF0C67CB7}.Debug|x64.ActiveCfg = Debug|Any CPU
		{DEACF1C0-0B54-4830-83EB-2CBEF0C67CB7}.Debug|x64.Build.0 = Debug|Any CPU
		{DEACF1C0-0B54-4830-83EB-2CBEF0C67CB7}.Debug|x86.ActiveCfg = Debug|Any CPU
		{DEACF1C0-0B54-4830-83EB-2CBEF0C67CB7}.Debug|x86.Build.0 = Debug|Any CPU
		{DEACF1C0-0B54-4830-83EB-2CBEF0C67CB7}.Release|Any CPU.ActiveCfg = Release|Any CPU
		{DEACF1C0-0B54-4830-83EB-2CBEF0C67CB7}.Release|Any CPU.Build.0 = Release|Any CPU
		{DEACF1C0-0B54-4830-83EB-2CBEF0C67CB7}.Release|x64.ActiveCfg = Release|Any CPU
		{DEACF1C0-0B54-4830-83EB-2CBEF0C67CB7}.Release|x64.Build.0 = Release|Any CPU
		{DEACF1C0-0B54-4830-83EB-2CBEF0C67CB7}.Release|x86.ActiveCfg = Release|Any CPU
		{DEACF1C0-0B54-4830-83EB-2CBEF0C67CB7}.Release|x86.Build.0 = Release|Any CPU
		{6D5F54E7-072A-441F-A87D-7101E6544EE9}.Debug|Any CPU.ActiveCfg = Debug|Any CPU
		{6D5F54E7-072A-441F-A87D-7101E6544EE9}.Debug|Any CPU.Build.0 = Debug|Any CPU
		{6D5F54E7-072A-441F-A87D-7101E6544EE9}.Debug|x64.ActiveCfg = Debug|Any CPU
		{6D5F54E7-072A-441F-A87D-7101E6544EE9}.Debug|x64.Build.0 = Debug|Any CPU
		{6D5F54E7-072A-441F-A87D-7101E6544EE9}.Debug|x86.ActiveCfg = Debug|Any CPU
		{6D5F54E7-072A-441F-A87D-7101E6544EE9}.Debug|x86.Build.0 = Debug|Any CPU
		{6D5F54E7-072A-441F-A87D-7101E6544EE9}.Release|Any CPU.ActiveCfg = Release|Any CPU
		{6D5F54E7-072A-441F-A87D-7101E6544EE9}.Release|Any CPU.Build.0 = Release|Any CPU
		{6D5F54E7-072A-441F-A87D-7101E6544EE9}.Release|x64.ActiveCfg = Release|Any CPU
		{6D5F54E7-072A-441F-A87D-7101E6544EE9}.Release|x64.Build.0 = Release|Any CPU
		{6D5F54E7-072A-441F-A87D-7101E6544EE9}.Release|x86.ActiveCfg = Release|Any CPU
		{6D5F54E7-072A-441F-A87D-7101E6544EE9}.Release|x86.Build.0 = Release|Any CPU
		{C1A1D012-223C-4E9B-A5CF-7A160140E23B}.Debug|Any CPU.ActiveCfg = Debug|Any CPU
		{C1A1D012-223C-4E9B-A5CF-7A160140E23B}.Debug|Any CPU.Build.0 = Debug|Any CPU
		{C1A1D012-223C-4E9B-A5CF-7A160140E23B}.Debug|x64.ActiveCfg = Debug|Any CPU
		{C1A1D012-223C-4E9B-A5CF-7A160140E23B}.Debug|x64.Build.0 = Debug|Any CPU
		{C1A1D012-223C-4E9B-A5CF-7A160140E23B}.Debug|x86.ActiveCfg = Debug|Any CPU
		{C1A1D012-223C-4E9B-A5CF-7A160140E23B}.Debug|x86.Build.0 = Debug|Any CPU
		{C1A1D012-223C-4E9B-A5CF-7A160140E23B}.Release|Any CPU.ActiveCfg = Release|Any CPU
		{C1A1D012-223C-4E9B-A5CF-7A160140E23B}.Release|Any CPU.Build.0 = Release|Any CPU
		{C1A1D012-223C-4E9B-A5CF-7A160140E23B}.Release|x64.ActiveCfg = Release|Any CPU
		{C1A1D012-223C-4E9B-A5CF-7A160140E23B}.Release|x64.Build.0 = Release|Any CPU
		{C1A1D012-223C-4E9B-A5CF-7A160140E23B}.Release|x86.ActiveCfg = Release|Any CPU
		{C1A1D012-223C-4E9B-A5CF-7A160140E23B}.Release|x86.Build.0 = Release|Any CPU
	EndGlobalSection
	GlobalSection(SolutionProperties) = preSolution
		HideSolutionNode = FALSE
	EndGlobalSection
	GlobalSection(ExtensibilityGlobals) = postSolution
		SolutionGuid = {976FB4D9-4DE1-43F9-83A0-79317D28E6F9}
	EndGlobalSection
EndGlobal
